
Microsoft Visual Studio Solution File, Format Version 12.00
# Visual Studio 14
VisualStudioVersion = 14.0.25420.1
MinimumVisualStudioVersion = 10.0.40219.1
Project("{FAE04EC0-301F-11D3-BF4B-00C04F79EFBC}") = "MovieDownloader", "MovieDownloader\MovieDownloader.csproj", "{1D292F70-1762-4957-A942-620B0B145384}"
EndProject
Project("{F2A71F9B-5D33-465A-A702-920D77279786}") = "Episodes", "EpisodeList\Episodes.fsproj", "{291F5706-97AB-4736-8157-D34DF34DCBD2}"
EndProject
Global
	GlobalSection(SolutionConfigurationPlatforms) = preSolution
		Debug|Any CPU = Debug|Any CPU
		Release|Any CPU = Release|Any CPU
	EndGlobalSection
	GlobalSection(ProjectConfigurationPlatforms) = postSolution
		{1D292F70-1762-4957-A942-620B0B145384}.Debug|Any CPU.ActiveCfg = Debug|Any CPU
		{1D292F70-1762-4957-A942-620B0B145384}.Debug|Any CPU.Build.0 = Debug|Any CPU
		{1D292F70-1762-4957-A942-620B0B145384}.Debug|Any CPU.Deploy.0 = Debug|Any CPU
		{1D292F70-1762-4957-A942-620B0B145384}.Release|Any CPU.ActiveCfg = Release|Any CPU
		{1D292F70-1762-4957-A942-620B0B145384}.Release|Any CPU.Build.0 = Release|Any CPU
		{1D292F70-1762-4957-A942-620B0B145384}.Release|Any CPU.Deploy.0 = Release|Any CPU
		{291F5706-97AB-4736-8157-D34DF34DCBD2}.Debug|Any CPU.ActiveCfg = Debug|Any CPU
		{291F5706-97AB-4736-8157-D34DF34DCBD2}.Debug|Any CPU.Build.0 = Debug|Any CPU
		{291F5706-97AB-4736-8157-D34DF34DCBD2}.Release|Any CPU.ActiveCfg = Release|Any CPU
		{291F5706-97AB-4736-8157-D34DF34DCBD2}.Release|Any CPU.Build.0 = Release|Any CPU
	EndGlobalSection
	GlobalSection(SolutionProperties) = preSolution
		HideSolutionNode = FALSE
	EndGlobalSection
EndGlobal
